# THIS IS AN AUTOGENERATED FILE. DO NOT EDIT THIS FILE DIRECTLY.
# yarn lockfile v1


"@aws-crypto/crc32@^0.1.0-preview.1":
  version "0.1.0"
  resolved "https://registry.yarnpkg.com/@aws-crypto/crc32/-/crc32-0.1.0.tgz#c886c09f36958f076195a8accb71901bf8015424"
  integrity sha512-iG2x3lF3H+ChYEJMu3zS7dYpYMLkdUs8AqOsjsvP9nv20KDJYbCVfMY2wDm5FLXTfCBzHIQNYscFuS1gQtPV+Q==
  dependencies:
    tslib "^1.9.3"

"@aws-sdk/eventstream-marshaller@^0.1.0-preview.2":
  version "0.1.0-preview.2"
  resolved "https://registry.yarnpkg.com/@aws-sdk/eventstream-marshaller/-/eventstream-marshaller-0.1.0-preview.2.tgz#494d0fa41c7a313a83209239006eb5f083af6fe9"
  integrity sha512-StNivqLMGk+6Blp7eBYgLvidD9HEhthzNz7dBBAQPELx3Nd3imodzSvckDw5ZkuWt6ViP+aAl8HgQvJmD71M5Q==
  dependencies:
    "@aws-crypto/crc32" "^0.1.0-preview.1"
    "@aws-sdk/types" "^0.1.0-preview.1"
    "@aws-sdk/util-hex-encoding" "^0.1.0-preview.1"
    tslib "^1.8.0"

"@aws-sdk/is-array-buffer@^0.1.0-preview.1":
  version "0.1.0-preview.1"
  resolved "https://registry.yarnpkg.com/@aws-sdk/is-array-buffer/-/is-array-buffer-0.1.0-preview.1.tgz#63cd8488faaf1a537817d0ef57fec3aa3bf030c4"
  integrity sha512-9Qrr9w6sNX19N0eO7JBYjp86OPcOyjDPe580L5ISDKo7XfuzK20IC2TeGTZ77okhRTsm8rF5UgP9scBu59jwoA==
  dependencies:
    tslib "^1.8.0"

"@aws-sdk/types@^0.1.0-preview.1":
  version "0.1.0-preview.1"
  resolved "https://registry.yarnpkg.com/@aws-sdk/types/-/types-0.1.0-preview.1.tgz#6119574f873ec9a8ee2e5c1fbfb3ddcc9059c2f3"
  integrity sha512-CcZpxyN2G0I7+Jyj0om3LafYX7d30JWJAAQ+53Ysjau7jyL/xLMMkLZgniQPV8BMV7uKLXyf4hwu8JSs0Ejb+w==

"@aws-sdk/util-buffer-from@^0.1.0-preview.1":
  version "0.1.0-preview.1"
  resolved "https://registry.yarnpkg.com/@aws-sdk/util-buffer-from/-/util-buffer-from-0.1.0-preview.1.tgz#b40c674044bf0997e0f170f692fbdaf7f5edd78c"
  integrity sha512-i46iuFQA05+92L/epK7befgoxw6DM38LnaHjHNxRoJeIYUllZvpJst74FRCJ5UvVOaMDvHO3woWG+dY8/KVABw==
  dependencies:
    "@aws-sdk/is-array-buffer" "^0.1.0-preview.1"
    tslib "^1.8.0"

"@aws-sdk/util-hex-encoding@^0.1.0-preview.1":
  version "0.1.0-preview.1"
  resolved "https://registry.yarnpkg.com/@aws-sdk/util-hex-encoding/-/util-hex-encoding-0.1.0-preview.1.tgz#198a5c351bb52baf7b80d5f3ce1cdd000e251bf5"
  integrity sha512-97ZMVcJpIXwOQN2RntPimav6G5iod/QHEbqGrmaECXyjXzSrexKHRYjpQAtmJ7geZTMsofoRSdj3qZCymjn7Uw==
  dependencies:
    tslib "^1.8.0"

"@aws-sdk/util-utf8-node@^0.1.0-preview.1":
  version "0.1.0-preview.1"
  resolved "https://registry.yarnpkg.com/@aws-sdk/util-utf8-node/-/util-utf8-node-0.1.0-preview.1.tgz#f776a087039df1825b83d9d8680a47f8172721ca"
  integrity sha512-PSUsSJ0nnMPS389f0R3kIVR0BElnEb22Ofj40iO5HCtw9gZ1ot+enFdbOmW4m1e5+ED9U/Hqxqc7QhFWWF4NUQ==
  dependencies:
    "@aws-sdk/util-buffer-from" "^0.1.0-preview.1"
    tslib "^1.8.0"

keypress@^0.2.1:
  version "0.2.1"
  resolved "https://registry.yarnpkg.com/keypress/-/keypress-0.2.1.tgz#1e80454250018dbad4c3fe94497d6e67b6269c77"
  integrity sha1-HoBFQlABjbrUw/6USX1uZ7YmnHc=

mic@^2.1.2:
  version "2.1.2"
  resolved "https://registry.yarnpkg.com/mic/-/mic-2.1.2.tgz#f03428381798ff889a90405a0318151db054a4ed"
  integrity sha1-8DQoOBeY/4iakEBaAxgVHbBUpO0=

tslib@^1.8.0, tslib@^1.9.3:
  version "1.13.0"
  resolved "https://registry.yarnpkg.com/tslib/-/tslib-1.13.0.tgz#c881e13cc7015894ed914862d276436fa9a47043"
  integrity sha512-i/6DQjL8Xf3be4K/E6Wgpekn5Qasl1usyw++dAA35Ue5orEn65VIxOA+YvNNl9HV3qv70T7CNwjODHZrLwvd1Q==

ws@^7.3.1:
  version "7.3.1"
  resolved "https://registry.yarnpkg.com/ws/-/ws-7.3.1.tgz#d0547bf67f7ce4f12a72dfe31262c68d7dc551c8"
  integrity sha512-D3RuNkynyHmEJIpD2qrgVkc9DQ23OrN/moAwZX4L8DfvszsJxpjQuUq3LMx6HoYji9fbIOBY18XWBsAux1ZZUA==
